
Microsoft Visual Studio Solution File, Format Version 12.00
# Visual Studio Version 17
VisualStudioVersion = 17.10.35027.167
MinimumVisualStudioVersion = 10.0.40219.1
Project("{FAE04EC0-301F-11D3-BF4B-00C04F79EFBC}") = "ProgChess.Server", "ProgChess.Server\ProgChess.Server.csproj", "{DD7BBD87-435F-41D1-8074-E13990386444}"
EndProject
Project("{54A90642-561A-4BB1-A94E-469ADEE60C69}") = "progchess.client", "progchess.client\progchess.client.esproj", "{8E79B6BE-3E56-4F28-99C7-8D22154BE49D}"
EndProject
Global
	GlobalSection(SolutionConfigurationPlatforms) = preSolution
		Debug|Any CPU = Debug|Any CPU
		Release|Any CPU = Release|Any CPU
	EndGlobalSection
	GlobalSection(ProjectConfigurationPlatforms) = postSolution
		{DD7BBD87-435F-41D1-8074-E13990386444}.Debug|Any CPU.ActiveCfg = Debug|Any CPU
		{DD7BBD87-435F-41D1-8074-E13990386444}.Debug|Any CPU.Build.0 = Debug|Any CPU
		{DD7BBD87-435F-41D1-8074-E13990386444}.Release|Any CPU.ActiveCfg = Release|Any CPU
		{DD7BBD87-435F-41D1-8074-E13990386444}.Release|Any CPU.Build.0 = Release|Any CPU
		{8E79B6BE-3E56-4F28-99C7-8D22154BE49D}.Debug|Any CPU.ActiveCfg = Debug|Any CPU
		{8E79B6BE-3E56-4F28-99C7-8D22154BE49D}.Debug|Any CPU.Build.0 = Debug|Any CPU
		{8E79B6BE-3E56-4F28-99C7-8D22154BE49D}.Debug|Any CPU.Deploy.0 = Debug|Any CPU
		{8E79B6BE-3E56-4F28-99C7-8D22154BE49D}.Release|Any CPU.ActiveCfg = Release|Any CPU
		{8E79B6BE-3E56-4F28-99C7-8D22154BE49D}.Release|Any CPU.Build.0 = Release|Any CPU
		{8E79B6BE-3E56-4F28-99C7-8D22154BE49D}.Release|Any CPU.Deploy.0 = Release|Any CPU
	EndGlobalSection
	GlobalSection(SolutionProperties) = preSolution
		HideSolutionNode = FALSE
	EndGlobalSection
	GlobalSection(ExtensibilityGlobals) = postSolution
		SolutionGuid = {15D14E6D-829E-416A-8287-6DC32371F125}
	EndGlobalSection
EndGlobal
